// !$*UTF8*$!
{
	archiveVersion = 1;
	classes = {
	};
	objectVersion = 51;
	objects = {

/* Begin PBXBuildFile section */
		9E485452E4F5492E72FB2C44 /* Pods_campusApp.framework in Frameworks */ = {isa = PBXBuildFile; fileRef = 32614ECA48209D593CF4B365 /* Pods_campusApp.framework */; };
		F884DCB92820709A00365A13 /* AppDelegate.swift in Sources */ = {isa = PBXBuildFile; fileRef = F884DCB82820709A00365A13 /* AppDelegate.swift */; };
		F884DCBB2820709A00365A13 /* SceneDelegate.swift in Sources */ = {isa = PBXBuildFile; fileRef = F884DCBA2820709A00365A13 /* SceneDelegate.swift */; };
		F884DCBD2820709A00365A13 /* ViewController.swift in Sources */ = {isa = PBXBuildFile; fileRef = F884DCBC2820709A00365A13 /* ViewController.swift */; };
		F884DCC02820709A00365A13 /* Main.storyboard in Resources */ = {isa = PBXBuildFile; fileRef = F884DCBE2820709A00365A13 /* Main.storyboard */; };
		F884DCC22820709D00365A13 /* Assets.xcassets in Resources */ = {isa = PBXBuildFile; fileRef = F884DCC12820709D00365A13 /* Assets.xcassets */; };
		F884DCC52820709D00365A13 /* LaunchScreen.storyboard in Resources */ = {isa = PBXBuildFile; fileRef = F884DCC32820709D00365A13 /* LaunchScreen.storyboard */; };
		F89113722820788400C77BD2 /* TimetableViewController.swift in Sources */ = {isa = PBXBuildFile; fileRef = F89113712820788400C77BD2 /* TimetableViewController.swift */; };
/* End PBXBuildFile section */

/* Begin PBXFileReference section */
		32614ECA48209D593CF4B365 /* Pods_campusApp.framework */ = {isa = PBXFileReference; explicitFileType = wrapper.framework; includeInIndex = 0; path = Pods_campusApp.framework; sourceTree = BUILT_PRODUCTS_DIR; };
		AC4DC9979C6FEB46BCBBF77C /* Pods-campusApp.debug.xcconfig */ = {isa = PBXFileReference; includeInIndex = 1; lastKnownFileType = text.xcconfig; name = "Pods-campusApp.debug.xcconfig"; path = "Target Support Files/Pods-campusApp/Pods-campusApp.debug.xcconfig"; sourceTree = "<group>"; };
		BF69F0D83B2BEE4375F0DA96 /* Pods-campusApp.release.xcconfig */ = {isa = PBXFileReference; includeInIndex = 1; lastKnownFileType = text.xcconfig; name = "Pods-campusApp.release.xcconfig"; path = "Target Support Files/Pods-campusApp/Pods-campusApp.release.xcconfig"; sourceTree = "<group>"; };
		F884DCB52820709A00365A13 /* campusApp.app */ = {isa = PBXFileReference; explicitFileType = wrapper.application; includeInIndex = 0; path = campusApp.app; sourceTree = BUILT_PRODUCTS_DIR; };
		F884DCB82820709A00365A13 /* AppDelegate.swift */ = {isa = PBXFileReference; lastKnownFileType = sourcecode.swift; path = AppDelegate.swift; sourceTree = "<group>"; };
		F884DCBA2820709A00365A13 /* SceneDelegate.swift */ = {isa = PBXFileReference; lastKnownFileType = sourcecode.swift; path = SceneDelegate.swift; sourceTree = "<group>"; };
		F884DCBC2820709A00365A13 /* ViewController.swift */ = {isa = PBXFileReference; lastKnownFileType = sourcecode.swift; path = ViewController.swift; sourceTree = "<group>"; };
		F884DCBF2820709A00365A13 /* Base */ = {isa = PBXFileReference; lastKnownFileType = file.storyboard; name = Base; path = Base.lproj/Main.storyboard; sourceTree = "<group>"; };
		F884DCC12820709D00365A13 /* Assets.xcassets */ = {isa = PBXFileReference; lastKnownFileType = folder.assetcatalog; path = Assets.xcassets; sourceTree = "<group>"; };
		F884DCC42820709D00365A13 /* Base */ = {isa = PBXFileReference; lastKnownFileType = file.storyboard; name = Base; path = Base.lproj/LaunchScreen.storyboard; sourceTree = "<group>"; };
		F884DCC62820709D00365A13 /* Info.plist */ = {isa = PBXFileReference; lastKnownFileType = text.plist.xml; path = Info.plist; sourceTree = "<group>"; };
		F89113712820788400C77BD2 /* TimetableViewController.swift */ = {isa = PBXFileReference; lastKnownFileType = sourcecode.swift; path = TimetableViewController.swift; sourceTree = "<group>"; };
/* End PBXFileReference section */

/* Begin PBXFrameworksBuildPhase section */
		F884DCB22820709A00365A13 /* Frameworks */ = {
			isa = PBXFrameworksBuildPhase;
			buildActionMask = 2147483647;
			files = (
				9E485452E4F5492E72FB2C44 /* Pods_campusApp.framework in Frameworks */,
			);
			runOnlyForDeploymentPostprocessing = 0;
		};
/* End PBXFrameworksBuildPhase section */

/* Begin PBXGroup section */
		111816C3B3DF5B7AD0F70B3A /* Frameworks */ = {
			isa = PBXGroup;
			children = (
				32614ECA48209D593CF4B365 /* Pods_campusApp.framework */,
			);
			name = Frameworks;
			sourceTree = "<group>";
		};
		7D6CB988D27CB6336A576262 /* Pods */ = {
			isa = PBXGroup;
			children = (
				AC4DC9979C6FEB46BCBBF77C /* Pods-campusApp.debug.xcconfig */,
				BF69F0D83B2BEE4375F0DA96 /* Pods-campusApp.release.xcconfig */,
			);
			path = Pods;
			sourceTree = "<group>";
		};
		F884DCAC2820709A00365A13 = {
			isa = PBXGroup;
			children = (
				F884DCB72820709A00365A13 /* campusApp */,
				F884DCB62820709A00365A13 /* Products */,
				7D6CB988D27CB6336A576262 /* Pods */,
				111816C3B3DF5B7AD0F70B3A /* Frameworks */,
			);
			sourceTree = "<group>";
		};
		F884DCB62820709A00365A13 /* Products */ = {
			isa = PBXGroup;
			children = (
				F884DCB52820709A00365A13 /* campusApp.app */,
			);
			name = Products;
			sourceTree = "<group>";
		};
		F884DCB72820709A00365A13 /* campusApp */ = {
			isa = PBXGroup;
			children = (
				F884DCB82820709A00365A13 /* AppDelegate.swift */,
				F884DCBA2820709A00365A13 /* SceneDelegate.swift */,
				F884DCBC2820709A00365A13 /* ViewController.swift */,
				F884DCBE2820709A00365A13 /* Main.storyboard */,
				F884DCC12820709D00365A13 /* Assets.xcassets */,
				F884DCC32820709D00365A13 /* LaunchScreen.storyboard */,
				F884DCC62820709D00365A13 /* Info.plist */,
				F89113712820788400C77BD2 /* TimetableViewController.swift */,
			);
			path = campusApp;
			sourceTree = "<group>";
		};
/* End PBXGroup section */

/* Begin PBXNativeTarget section */
		F884DCB42820709A00365A13 /* campusApp */ = {
			isa = PBXNativeTarget;
			buildConfigurationList = F884DCC92820709D00365A13 /* Build configuration list for PBXNativeTarget "campusApp" */;
			buildPhases = (
				DF1DE832C6F2733E8B3B93C8 /* [CP] Check Pods Manifest.lock */,
				F884DCB12820709A00365A13 /* Sources */,
				F884DCB22820709A00365A13 /* Frameworks */,
				F884DCB32820709A00365A13 /* Resources */,
				2E81D52D727DFDEAD8C52346 /* [CP] Embed Pods Frameworks */,
			);
			buildRules = (
			);
			dependencies = (
			);
			name = campusApp;
			productName = campusApp;
			productReference = F884DCB52820709A00365A13 /* campusApp.app */;
			productType = "com.apple.product-type.application";
		};
/* End PBXNativeTarget section */

/* Begin PBXProject section */
		F884DCAD2820709A00365A13 /* Project object */ = {
			isa = PBXProject;
			attributes = {
				LastSwiftUpdateCheck = 1330;
				LastUpgradeCheck = 1330;
				TargetAttributes = {
					F884DCB42820709A00365A13 = {
						CreatedOnToolsVersion = 13.3;
					};
				};
			};
			buildConfigurationList = F884DCB02820709A00365A13 /* Build configuration list for PBXProject "campusApp" */;
			compatibilityVersion = "Xcode 9.3";
			developmentRegion = en;
			hasScannedForEncodings = 0;
			knownRegions = (
				en,
				Base,
			);
			mainGroup = F884DCAC2820709A00365A13;
			productRefGroup = F884DCB62820709A00365A13 /* Products */;
			projectDirPath = "";
			projectRoot = "";
			targets = (
				F884DCB42820709A00365A13 /* campusApp */,
			);
		};
/* End PBXProject section */

/* Begin PBXResourcesBuildPhase section */
		F884DCB32820709A00365A13 /* Resources */ = {
			isa = PBXResourcesBuildPhase;
			buildActionMask = 2147483647;
			files = (
				F884DCC52820709D00365A13 /* LaunchScreen.storyboard in Resources */,
				F884DCC22820709D00365A13 /* Assets.xcassets in Resources */,
				F884DCC02820709A00365A13 /* Main.storyboard in Resources */,
			);
			runOnlyForDeploymentPostprocessing = 0;
		};
/* End PBXResourcesBuildPhase section */

/* Begin PBXShellScriptBuildPhase section */
		2E81D52D727DFDEAD8C52346 /* [CP] Embed Pods Frameworks */ = {
			isa = PBXShellScriptBuildPhase;
			buildActionMask = 2147483647;
			files = (
			);
			inputFileListPaths = (
				"${PODS_ROOT}/Target Support Files/Pods-campusApp/Pods-campusApp-frameworks-${CONFIGURATION}-input-files.xcfilelist",
			);
			name = "[CP] Embed Pods Frameworks";
			outputFileListPaths = (
				"${PODS_ROOT}/Target Support Files/Pods-campusApp/Pods-campusApp-frameworks-${CONFIGURATION}-output-files.xcfilelist",
			);
			runOnlyForDeploymentPostprocessing = 0;
			shellPath = /bin/sh;
			shellScript = "\"${PODS_ROOT}/Target Support Files/Pods-campusApp/Pods-campusApp-frameworks.sh\"\n";
			showEnvVarsInLog = 0;
		};
		DF1DE832C6F2733E8B3B93C8 /* [CP] Check Pods Manifest.lock */ = {
			isa = PBXShellScriptBuildPhase;
			buildActionMask = 2147483647;
			files = (
			);
			inputFileListPaths = (
			);
			inputPaths = (
				"${PODS_PODFILE_DIR_PATH}/Podfile.lock",
				"${PODS_ROOT}/Manifest.lock",
			);
			name = "[CP] Check Pods Manifest.lock";
			outputFileListPaths = (
			);
			outputPaths = (
				"$(DERIVED_FILE_DIR)/Pods-campusApp-checkManifestLockResult.txt",
			);
			runOnlyForDeploymentPostprocessing = 0;
			shellPath = /bin/sh;
			shellScript = "diff \"${PODS_PODFILE_DIR_PATH}/Podfile.lock\" \"${PODS_ROOT}/Manifest.lock\" > /dev/null\nif [ $? != 0 ] ; then\n    # print error to STDERR\n    echo \"error: The sandbox is not in sync with the Podfile.lock. Run 'pod install' or update your CocoaPods installation.\" >&2\n    exit 1\nfi\n# This output is used by Xcode 'outputs' to avoid re-running this script phase.\necho \"SUCCESS\" > \"${SCRIPT_OUTPUT_FILE_0}\"\n";
			showEnvVarsInLog = 0;
		};
/* End PBXShellScriptBuildPhase section */

/* Begin PBXSourcesBuildPhase section */
		F884DCB12820709A00365A13 /* Sources */ = {
			isa = PBXSourcesBuildPhase;
			buildActionMask = 2147483647;
			files = (
				F884DCBD2820709A00365A13 /* ViewController.swift in Sources */,
				F884DCB92820709A00365A13 /* AppDelegate.swift in Sources */,
				F89113722820788400C77BD2 /* TimetableViewController.swift in Sources */,
				F884DCBB2820709A00365A13 /* SceneDelegate.swift in Sources */,
			);
			runOnlyForDeploymentPostprocessing = 0;
		};
/* End PBXSourcesBuildPhase section */

/* Begin PBXVariantGroup section */
		F884DCBE2820709A00365A13 /* Main.storyboard */ = {
			isa = PBXVariantGroup;
			children = (
				F884DCBF2820709A00365A13 /* Base */,
			);
			name = Main.storyboard;
			sourceTree = "<group>";
		};
		F884DCC32820709D00365A13 /* LaunchScreen.storyboard */ = {
			isa = PBXVariantGroup;
			children = (
				F884DCC42820709D00365A13 /* Base */,
			);
			name = LaunchScreen.storyboard;
			sourceTree = "<group>";
		};
/* End PBXVariantGroup section */

/* Begin XCBuildConfiguration section */
		F884DCC72820709D00365A13 /* Debug */ = {
			isa = XCBuildConfiguration;
			buildSettings = {
				ALWAYS_SEARCH_USER_PATHS = NO;
				CLANG_ANALYZER_NONNULL = YES;
				CLANG_ANALYZER_NUMBER_OBJECT_CONVERSION = YES_AGGRESSIVE;
				CLANG_CXX_LANGUAGE_STANDARD = "gnu++17";
				CLANG_ENABLE_MODULES = YES;
				CLANG_ENABLE_OBJC_ARC = YES;
				CLANG_ENABLE_OBJC_WEAK = YES;
				CLANG_WARN_BLOCK_CAPTURE_AUTORELEASING = YES;
				CLANG_WARN_BOOL_CONVERSION = YES;
				CLANG_WARN_COMMA = YES;
				CLANG_WARN_CONSTANT_CONVERSION = YES;
				CLANG_WARN_DEPRECATED_OBJC_IMPLEMENTATIONS = YES;
				CLANG_WARN_DIRECT_OBJC_ISA_USAGE = YES_ERROR;
				CLANG_WARN_DOCUMENTATION_COMMENTS = YES;
				CLANG_WARN_EMPTY_BODY = YES;
				CLANG_WARN_ENUM_CONVERSION = YES;
				CLANG_WARN_INFINITE_RECURSION = YES;
				CLANG_WARN_INT_CONVERSION = YES;
				CLANG_WARN_NON_LITERAL_NULL_CONVERSION = YES;
				CLANG_WARN_OBJC_IMPLICIT_RETAIN_SELF = YES;
				CLANG_WARN_OBJC_LITERAL_CONVERSION = YES;
				CLANG_WARN_OBJC_ROOT_CLASS = YES_ERROR;
				CLANG_WARN_QUOTED_INCLUDE_IN_FRAMEWORK_HEADER = YES;
				CLANG_WARN_RANGE_LOOP_ANALYSIS = YES;
				CLANG_WARN_STRICT_PROTOTYPES = YES;
				CLANG_WARN_SUSPICIOUS_MOVE = YES;
				CLANG_WARN_UNGUARDED_AVAILABILITY = YES_AGGRESSIVE;
				CLANG_WARN_UNREACHABLE_CODE = YES;
				CLANG_WARN__DUPLICATE_METHOD_MATCH = YES;
				COPY_PHASE_STRIP = NO;
				DEBUG_INFORMATION_FORMAT = dwarf;
				ENABLE_STRICT_OBJC_MSGSEND = YES;
				ENABLE_TESTABILITY = YES;
				GCC_C_LANGUAGE_STANDARD = gnu11;
				GCC_DYNAMIC_NO_PIC = NO;
				GCC_NO_COMMON_BLOCKS = YES;
				GCC_OPTIMIZATION_LEVEL = 0;
				GCC_PREPROCESSOR_DEFINITIONS = (
					"DEBUG=1",
					"$(inherited)",
				);
				GCC_WARN_64_TO_32_BIT_CONVERSION = YES;
				GCC_WARN_ABOUT_RETURN_TYPE = YES_ERROR;
				GCC_WARN_UNDECLARED_SELECTOR = YES;
				GCC_WARN_UNINITIALIZED_AUTOS = YES_AGGRESSIVE;
				GCC_WARN_UNUSED_FUNCTION = YES;
				GCC_WARN_UNUSED_VARIABLE = YES;
				IPHONEOS_DEPLOYMENT_TARGET = 15.4;
				MTL_ENABLE_DEBUG_INFO = INCLUDE_SOURCE;
				MTL_FAST_MATH = YES;
				ONLY_ACTIVE_ARCH = YES;
				SDKROOT = iphoneos;
				SWIFT_ACTIVE_COMPILATION_CONDITIONS = DEBUG;
				SWIFT_OPTIMIZATION_LEVEL = "-Onone";
			};
			name = Debug;
		};
		F884DCC82820709D00365A13 /* Release */ = {
			isa = XCBuildConfiguration;
			buildSettings = {
				ALWAYS_SEARCH_USER_PATHS = NO;
				CLANG_ANALYZER_NONNULL = YES;
				CLANG_ANALYZER_NUMBER_OBJECT_CONVERSION = YES_AGGRESSIVE;
				CLANG_CXX_LANGUAGE_STANDARD = "gnu++17";
				CLANG_ENABLE_MODULES = YES;
				CLANG_ENABLE_OBJC_ARC = YES;
				CLANG_ENABLE_OBJC_WEAK = YES;
				CLANG_WARN_BLOCK_CAPTURE_AUTORELEASING = YES;
				CLANG_WARN_BOOL_CONVERSION = YES;
				CLANG_WARN_COMMA = YES;
				CLANG_WARN_CONSTANT_CONVERSION = YES;
				CLANG_WARN_DEPRECATED_OBJC_IMPLEMENTATIONS = YES;
				CLANG_WARN_DIRECT_OBJC_ISA_USAGE = YES_ERROR;
				CLANG_WARN_DOCUMENTATION_COMMENTS = YES;
				CLANG_WARN_EMPTY_BODY = YES;
				CLANG_WARN_ENUM_CONVERSION = YES;
				CLANG_WARN_INFINITE_RECURSION = YES;
				CLANG_WARN_INT_CONVERSION = YES;
				CLANG_WARN_NON_LITERAL_NULL_CONVERSION = YES;
				CLANG_WARN_OBJC_IMPLICIT_RETAIN_SELF = YES;
				CLANG_WARN_OBJC_LITERAL_CONVERSION = YES;
				CLANG_WARN_OBJC_ROOT_CLASS = YES_ERROR;
				CLANG_WARN_QUOTED_INCLUDE_IN_FRAMEWORK_HEADER = YES;
				CLANG_WARN_RANGE_LOOP_ANALYSIS = YES;
				CLANG_WARN_STRICT_PROTOTYPES = YES;
				CLANG_WARN_SUSPICIOUS_MOVE = YES;
				CLANG_WARN_UNGUARDED_AVAILABILITY = YES_AGGRESSIVE;
				CLANG_WARN_UNREACHABLE_CODE = YES;
				CLANG_WARN__DUPLICATE_METHOD_MATCH = YES;
				COPY_PHASE_STRIP = NO;
				DEBUG_INFORMATION_FORMAT = "dwarf-with-dsym";
				ENABLE_NS_ASSERTIONS = NO;
				ENABLE_STRICT_OBJC_MSGSEND = YES;
				GCC_C_LANGUAGE_STANDARD = gnu11;
				GCC_NO_COMMON_BLOCKS = YES;
				GCC_WARN_64_TO_32_BIT_CONVERSION = YES;
				GCC_WARN_ABOUT_RETURN_TYPE = YES_ERROR;
				GCC_WARN_UNDECLARED_SELECTOR = YES;
				GCC_WARN_UNINITIALIZED_AUTOS = YES_AGGRESSIVE;
				GCC_WARN_UNUSED_FUNCTION = YES;
				GCC_WARN_UNUSED_VARIABLE = YES;
				IPHONEOS_DEPLOYMENT_TARGET = 15.4;
				MTL_ENABLE_DEBUG_INFO = NO;
				MTL_FAST_MATH = YES;
				SDKROOT = iphoneos;
				SWIFT_COMPILATION_MODE = wholemodule;
				SWIFT_OPTIMIZATION_LEVEL = "-O";
				VALIDATE_PRODUCT = YES;
			};
			name = Release;
		};
		F884DCCA2820709D00365A13 /* Debug */ = {
			isa = XCBuildConfiguration;
			baseConfigurationReference = AC4DC9979C6FEB46BCBBF77C /* Pods-campusApp.debug.xcconfig */;
			buildSettings = {
				ASSETCATALOG_COMPILER_APPICON_NAME = AppIcon;
				ASSETCATALOG_COMPILER_GLOBAL_ACCENT_COLOR_NAME = AccentColor;
				CODE_SIGN_STYLE = Automatic;
				CURRENT_PROJECT_VERSION = 1;
				DEVELOPMENT_TEAM = 45R6M88XBC;
				GENERATE_INFOPLIST_FILE = YES;
				INFOPLIST_FILE = campusApp/Info.plist;
				INFOPLIST_KEY_UIApplicationSupportsIndirectInputEvents = YES;
				INFOPLIST_KEY_UILaunchStoryboardName = LaunchScreen;
				INFOPLIST_KEY_UIMainStoryboardFile = Main;
				INFOPLIST_KEY_UISupportedInterfaceOrientations_iPad = "UIInterfaceOrientationPortrait UIInterfaceOrientationPortraitUpsideDown UIInterfaceOrientationLandscapeLeft UIInterfaceOrientationLandscapeRight";
				INFOPLIST_KEY_UISupportedInterfaceOrientations_iPhone = "UIInterfaceOrientationPortrait UIInterfaceOrientationLandscapeLeft UIInterfaceOrientationLandscapeRight";
				IPHONEOS_DEPLOYMENT_TARGET = 14.4;
				LD_RUNPATH_SEARCH_PATHS = (
					"$(inherited)",
					"@executable_path/Frameworks",
				);
				MARKETING_VERSION = 1.0;
				PRODUCT_BUNDLE_IDENTIFIER = com.joni.campusApp;
				PRODUCT_NAME = "$(TARGET_NAME)";
				SWIFT_EMIT_LOC_STRINGS = YES;
				SWIFT_VERSION = 5.0;
				TARGETED_DEVICE_FAMILY = "1,2";
			};
			name = Debug;
		};
		F884DCCB2820709D00365A13 /* Release */ = {
			isa = XCBuildConfiguration;
			baseConfigurationReference = BF69F0D83B2BEE4375F0DA96 /* Pods-campusApp.release.xcconfig */;
			buildSettings = {
				ASSETCATALOG_COMPILER_APPICON_NAME = AppIcon;
				ASSETCATALOG_COMPILER_GLOBAL_ACCENT_COLOR_NAME = AccentColor;
				CODE_SIGN_STYLE = Automatic;
				CURRENT_PROJECT_VERSION = 1;
				DEVELOPMENT_TEAM = 45R6M88XBC;
				GENERATE_INFOPLIST_FILE = YES;
				INFOPLIST_FILE = campusApp/Info.plist;
				INFOPLIST_KEY_UIApplicationSupportsIndirectInputEvents = YES;
				INFOPLIST_KEY_UILaunchStoryboardName = LaunchScreen;
				INFOPLIST_KEY_UIMainStoryboardFile = Main;
				INFOPLIST_KEY_UISupportedInterfaceOrientations_iPad = "UIInterfaceOrientationPortrait UIInterfaceOrientationPortraitUpsideDown UIInterfaceOrientationLandscapeLeft UIInterfaceOrientationLandscapeRight";
				INFOPLIST_KEY_UISupportedInterfaceOrientations_iPhone = "UIInterfaceOrientationPortrait UIInterfaceOrientationLandscapeLeft UIInterfaceOrientationLandscapeRight";
				IPHONEOS_DEPLOYMENT_TARGET = 14.4;
				LD_RUNPATH_SEARCH_PATHS = (
					"$(inherited)",
					"@executable_path/Frameworks",
				);
				MARKETING_VERSION = 1.0;
				PRODUCT_BUNDLE_IDENTIFIER = com.joni.campusApp;
				PRODUCT_NAME = "$(TARGET_NAME)";
				SWIFT_EMIT_LOC_STRINGS = YES;
				SWIFT_VERSION = 5.0;
				TARGETED_DEVICE_FAMILY = "1,2";
			};
			name = Release;
		};
/* End XCBuildConfiguration section */

/* Begin XCConfigurationList section */
		F884DCB02820709A00365A13 /* Build configuration list for PBXProject "campusApp" */ = {
			isa = XCConfigurationList;
			buildConfigurations = (
				F884DCC72820709D00365A13 /* Debug */,
				F884DCC82820709D00365A13 /* Release */,
			);
			defaultConfigurationIsVisible = 0;
			defaultConfigurationName = Release;
		};
		F884DCC92820709D00365A13 /* Build configuration list for PBXNativeTarget "campusApp" */ = {
			isa = XCConfigurationList;
			buildConfigurations = (
				F884DCCA2820709D00365A13 /* Debug */,
				F884DCCB2820709D00365A13 /* Release */,
			);
			defaultConfigurationIsVisible = 0;
			defaultConfigurationName = Release;
		};
/* End XCConfigurationList section */
	};
	rootObject = F884DCAD2820709A00365A13 /* Project object */;
}
